
Microsoft Visual Studio Solution File, Format Version 12.00
# Visual Studio Version 17
VisualStudioVersion = 17.9.34622.214
MinimumVisualStudioVersion = 10.0.40219.1
Project("{FAE04EC0-301F-11D3-BF4B-00C04F79EFBC}") = "CSAdv32", "CSAdv32\CSAdv32.csproj", "{534E34A9-BF2F-479B-8458-542BB2ABEAFF}"
EndProject
Global
	GlobalSection(SolutionConfigurationPlatforms) = preSolution
		Debug|Any CPU = Debug|Any CPU
		Release|Any CPU = Release|Any CPU
	EndGlobalSection
	GlobalSection(ProjectConfigurationPlatforms) = postSolution
		{534E34A9-BF2F-479B-8458-542BB2ABEAFF}.Debug|Any CPU.ActiveCfg = Debug|Any CPU
		{534E34A9-BF2F-479B-8458-542BB2ABEAFF}.Debug|Any CPU.Build.0 = Debug|Any CPU
		{534E34A9-BF2F-479B-8458-542BB2ABEAFF}.Release|Any CPU.ActiveCfg = Release|Any CPU
		{534E34A9-BF2F-479B-8458-542BB2ABEAFF}.Release|Any CPU.Build.0 = Release|Any CPU
	EndGlobalSection
	GlobalSection(SolutionProperties) = preSolution
		HideSolutionNode = FALSE
	EndGlobalSection
	GlobalSection(ExtensibilityGlobals) = postSolution
		SolutionGuid = {69FE27EB-42C9-44AF-BC1B-4E663F0712AE}
	EndGlobalSection
EndGlobal
